
Microsoft Visual Studio Solution File, Format Version 12.00
# Visual Studio 15
VisualStudioVersion = 15.0.27130.2024
MinimumVisualStudioVersion = 10.0.40219.1
Project("{FAE04EC0-301F-11D3-BF4B-00C04F79EFBC}") = "PassWordGeneratorAndroid", "PassWordGeneratorAndroid\PassWordGeneratorAndroid.csproj", "{3E13F617-9554-40BF-A761-F1D7332FA29A}"
EndProject
Global
	GlobalSection(SolutionConfigurationPlatforms) = preSolution
		Debug|Any CPU = Debug|Any CPU
		Release|Any CPU = Release|Any CPU
	EndGlobalSection
	GlobalSection(ProjectConfigurationPlatforms) = postSolution
		{3E13F617-9554-40BF-A761-F1D7332FA29A}.Debug|Any CPU.ActiveCfg = Debug|Any CPU
		{3E13F617-9554-40BF-A761-F1D7332FA29A}.Debug|Any CPU.Build.0 = Debug|Any CPU
		{3E13F617-9554-40BF-A761-F1D7332FA29A}.Debug|Any CPU.Deploy.0 = Debug|Any CPU
		{3E13F617-9554-40BF-A761-F1D7332FA29A}.Release|Any CPU.ActiveCfg = Release|Any CPU
		{3E13F617-9554-40BF-A761-F1D7332FA29A}.Release|Any CPU.Build.0 = Release|Any CPU
		{3E13F617-9554-40BF-A761-F1D7332FA29A}.Release|Any CPU.Deploy.0 = Release|Any CPU
	EndGlobalSection
	GlobalSection(SolutionProperties) = preSolution
		HideSolutionNode = FALSE
	EndGlobalSection
	GlobalSection(ExtensibilityGlobals) = postSolution
		SolutionGuid = {DE7BBBE0-B3F4-474C-BB6C-11C23C221B77}
	EndGlobalSection
EndGlobal
